PODS:
  - bonsoir_darwin (0.0.1):
    - Flutter
    - FlutterMacOS
  - DartCvMacOS (4.11.0.1):
    - DartCvMacOS/calib3d (= 4.11.0.1)
    - DartCvMacOS/contrib (= 4.11.0.1)
    - DartCvMacOS/core (= 4.11.0.1)
    - DartCvMacOS/features2d (= 4.11.0.1)
    - DartCvMacOS/imgproc (= 4.11.0.1)
    - DartCvMacOS/objdetect (= 4.11.0.1)
    - DartCvMacOS/photo (= 4.11.0.1)
    - DartCvMacOS/stitching (= 4.11.0.1)
    - DartCvMacOS/video (= 4.11.0.1)
  - DartCvMacOS/calib3d (4.11.0.1):
    - DartCvMacOS/core
  - DartCvMacOS/contrib (4.11.0.1):
    - DartCvMacOS/core
  - DartCvMacOS/core (4.11.0.1)
  - DartCvMacOS/dnn (4.11.0.1):
    - DartCvMacOS/core
  - DartCvMacOS/features2d (4.11.0.1):
    - DartCvMacOS/core
  - DartCvMacOS/imgproc (4.11.0.1):
    - DartCvMacOS/core
  - DartCvMacOS/objdetect (4.11.0.1):
    - DartCvMacOS/core
  - DartCvMacOS/photo (4.11.0.1):
    - DartCvMacOS/core
  - DartCvMacOS/stitching (4.11.0.1):
    - DartCvMacOS/core
  - DartCvMacOS/video (4.11.0.1):
    - DartCvMacOS/core
  - DartCvMacOS/videoio (4.11.0.1):
    - DartCvMacOS/core
  - FlutterMacOS (1.0.0)
  - network_info_plus (0.0.1):
    - FlutterMacOS
  - opencv_dart (0.0.1):
    - DartCvMacOS (= 4.11.0.1)
    - DartCvMacOS/dnn (= 4.11.0.1)
    - DartCvMacOS/videoio (= 4.11.0.1)
    - FlutterMacOS
  - path_provider_foundation (0.0.1):
    - Flutter
    - FlutterMacOS
  - shared_preferences_foundation (0.0.1):
    - Flutter
    - FlutterMacOS

DEPENDENCIES:
  - bonsoir_darwin (from `Flutter/ephemeral/.symlinks/plugins/bonsoir_darwin/darwin`)
  - FlutterMacOS (from `Flutter/ephemeral`)
  - network_info_plus (from `Flutter/ephemeral/.symlinks/plugins/network_info_plus/macos`)
  - opencv_dart (from `Flutter/ephemeral/.symlinks/plugins/opencv_dart/macos`)
  - path_provider_foundation (from `Flutter/ephemeral/.symlinks/plugins/path_provider_foundation/darwin`)
  - shared_preferences_foundation (from `Flutter/ephemeral/.symlinks/plugins/shared_preferences_foundation/darwin`)

SPEC REPOS:
  trunk:
    - DartCvMacOS

EXTERNAL SOURCES:
  bonsoir_darwin:
    :path: Flutter/ephemeral/.symlinks/plugins/bonsoir_darwin/darwin
  FlutterMacOS:
    :path: Flutter/ephemeral
  network_info_plus:
    :path: Flutter/ephemeral/.symlinks/plugins/network_info_plus/macos
  opencv_dart:
    :path: Flutter/ephemeral/.symlinks/plugins/opencv_dart/macos
  path_provider_foundation:
    :path: Flutter/ephemeral/.symlinks/plugins/path_provider_foundation/darwin
  shared_preferences_foundation:
    :path: Flutter/ephemeral/.symlinks/plugins/shared_preferences_foundation/darwin

SPEC CHECKSUMS:
  bonsoir_darwin: 29c7ccf356646118844721f36e1de4b61f6cbd0e
  DartCvMacOS: 234c686b50f3a426de5d7a1a41d29f0b1e969961
  FlutterMacOS: 8f6f14fa908a6fb3fba0cd85dbd81ec4b251fb24
  network_info_plus: 21d1cd6a015ccb2fdff06a1fbfa88d54b4e92f61
  opencv_dart: 81a20e9e7b60ee7c15e9db5f4e953ca2af169b0d
  path_provider_foundation: 080d55be775b7414fd5a5ef3ac137b97b097e564
  shared_preferences_foundation: 9e1978ff2562383bd5676f64ec4e9aa8fa06a6f7

PODFILE CHECKSUM: 9ebaf0ce3d369aaa26a9ea0e159195ed94724cf3

COCOAPODS: 1.16.2
